// !$*UTF8*$!
{
	archiveVersion = 1;
	classes = {
	};
	objectVersion = 46;
	objects = {

/* Begin PBXBuildFile section */
		C639A0D31D3ACC040056D283 /* Camera.cpp in Sources */ = {isa = PBXBuildFile; fileRef = C639A0D11D3ACC040056D283 /* Camera.cpp */; };
		C641AC3A1BD33A5600474E7B /* AccelerometerFilter.m in Sources */ = {isa = PBXBuildFile; fileRef = C641AC391BD33A5600474E7B /* AccelerometerFilter.m */; };
		C641AC3D1BD5C9C800474E7B /* Landscape.cpp in Sources */ = {isa = PBXBuildFile; fileRef = C641AC3C1BD5C9C800474E7B /* Landscape.cpp */; };
		C665F9D11C19B57400E3E644 /* PositionalObject.cpp in Sources */ = {isa = PBXBuildFile; fileRef = C665F9D01C19B57400E3E644 /* PositionalObject.cpp */; };
		C6A35E5E1B58435800810AB4 /* main.m in Sources */ = {isa = PBXBuildFile; fileRef = C6A35E5D1B58435800810AB4 /* main.m */; };
		C6A35E611B58435800810AB4 /* AppDelegate.mm in Sources */ = {isa = PBXBuildFile; fileRef = C6A35E601B58435800810AB4 /* AppDelegate.mm */; };
		C6A35E641B58435800810AB4 /* ViewController.mm in Sources */ = {isa = PBXBuildFile; fileRef = C6A35E631B58435800810AB4 /* ViewController.mm */; };
		C6A35E691B58435800810AB4 /* Images.xcassets in Resources */ = {isa = PBXBuildFile; fileRef = C6A35E681B58435800810AB4 /* Images.xcassets */; };
		C6A35E781B58435800810AB4 /* genericApp2Tests.m in Sources */ = {isa = PBXBuildFile; fileRef = C6A35E771B58435800810AB4 /* genericApp2Tests.m */; };
		C6A35E8A1B5847D300810AB4 /* GLView.mm in Sources */ = {isa = PBXBuildFile; fileRef = C6A35E891B5847D300810AB4 /* GLView.mm */; };
		C6A35E8C1B5848B300810AB4 /* OpenGLES.framework in Frameworks */ = {isa = PBXBuildFile; fileRef = C6A35E8B1B5848B300810AB4 /* OpenGLES.framework */; };
		C6A35E8E1B5848BA00810AB4 /* QuartzCore.framework in Frameworks */ = {isa = PBXBuildFile; fileRef = C6A35E8D1B5848BA00810AB4 /* QuartzCore.framework */; };
		C6A35E921B586BA200810AB4 /* RenderingEngine1.cpp in Sources */ = {isa = PBXBuildFile; fileRef = C6A35E901B586BA200810AB4 /* RenderingEngine1.cpp */; };
		C6A35E941B596ECB00810AB4 /* RenderingEngine2.cpp in Sources */ = {isa = PBXBuildFile; fileRef = C6A35E931B596ECB00810AB4 /* RenderingEngine2.cpp */; };
		C6A36AC91D1D4FFE007B8A83 /* TouchEvent.cpp in Sources */ = {isa = PBXBuildFile; fileRef = C6A36AC71D1D4FFE007B8A83 /* TouchEvent.cpp */; };
		C6B2F6BD1C1D04C2009A8583 /* IRenderable.cpp in Sources */ = {isa = PBXBuildFile; fileRef = C6B2F6BC1C1D04C2009A8583 /* IRenderable.cpp */; };
		C6BBDCF01B64F66100C5B817 /* simple.frag in Resources */ = {isa = PBXBuildFile; fileRef = C6BBDCEE1B64F66100C5B817 /* simple.frag */; };
		C6BBDCF11B64F66100C5B817 /* simple.vert in Resources */ = {isa = PBXBuildFile; fileRef = C6BBDCEF1B64F66100C5B817 /* simple.vert */; };
		C6D664DF1C0393F30096DFA5 /* Vector.cpp in Sources */ = {isa = PBXBuildFile; fileRef = C6D664DD1C0393F30096DFA5 /* Vector.cpp */; };
		C6DE9D341B704C2900F5230F /* Polygon.cpp in Sources */ = {isa = PBXBuildFile; fileRef = C6DE9D321B704C2900F5230F /* Polygon.cpp */; };
		C6DE9D381B704D0600F5230F /* RenderContext.cpp in Sources */ = {isa = PBXBuildFile; fileRef = C6DE9D361B704D0600F5230F /* RenderContext.cpp */; };
		C6E1D8841B719D87002AE0FA /* Vertex.cpp in Sources */ = {isa = PBXBuildFile; fileRef = C6E1D8821B719D87002AE0FA /* Vertex.cpp */; };
		C6E1D8871B73B401002AE0FA /* Cube.cpp in Sources */ = {isa = PBXBuildFile; fileRef = C6E1D8851B73B400002AE0FA /* Cube.cpp */; };
		C6E1D88A1B73D612002AE0FA /* Matrix.cpp in Sources */ = {isa = PBXBuildFile; fileRef = C6E1D8881B73D612002AE0FA /* Matrix.cpp */; };
/* End PBXBuildFile section */

/* Begin PBXContainerItemProxy section */
		C6A35E721B58435800810AB4 /* PBXContainerItemProxy */ = {
			isa = PBXContainerItemProxy;
			containerPortal = C6A35E501B58435700810AB4 /* Project object */;
			proxyType = 1;
			remoteGlobalIDString = C6A35E571B58435800810AB4;
			remoteInfo = genericApp2;
		};
/* End PBXContainerItemProxy section */

/* Begin PBXFileReference section */
		C639A0D11D3ACC040056D283 /* Camera.cpp */ = {isa = PBXFileReference; fileEncoding = 4; lastKnownFileType = sourcecode.cpp.cpp; path = Camera.cpp; sourceTree = "<group>"; };
		C639A0D21D3ACC040056D283 /* Camera.h */ = {isa = PBXFileReference; fileEncoding = 4; lastKnownFileType = sourcecode.c.h; path = Camera.h; sourceTree = "<group>"; };
		C641AC381BD33A5600474E7B /* AccelerometerFilter.h */ = {isa = PBXFileReference; fileEncoding = 4; lastKnownFileType = sourcecode.c.h; path = AccelerometerFilter.h; sourceTree = "<group>"; };
		C641AC391BD33A5600474E7B /* AccelerometerFilter.m */ = {isa = PBXFileReference; fileEncoding = 4; lastKnownFileType = sourcecode.c.objc; path = AccelerometerFilter.m; sourceTree = "<group>"; };
		C641AC3B1BD5C8B000474E7B /* Landscape.h */ = {isa = PBXFileReference; lastKnownFileType = sourcecode.c.h; path = Landscape.h; sourceTree = "<group>"; };
		C641AC3C1BD5C9C800474E7B /* Landscape.cpp */ = {isa = PBXFileReference; fileEncoding = 4; lastKnownFileType = sourcecode.cpp.cpp; path = Landscape.cpp; sourceTree = "<group>"; };
		C665F9CF1C19B43200E3E644 /* PositionalObject.h */ = {isa = PBXFileReference; lastKnownFileType = sourcecode.c.h; path = PositionalObject.h; sourceTree = "<group>"; };
		C665F9D01C19B57400E3E644 /* PositionalObject.cpp */ = {isa = PBXFileReference; fileEncoding = 4; lastKnownFileType = sourcecode.cpp.cpp; path = PositionalObject.cpp; sourceTree = "<group>"; };
		C665F9D41C19B73D00E3E644 /* Stack.h */ = {isa = PBXFileReference; fileEncoding = 4; lastKnownFileType = sourcecode.c.h; name = Stack.h; path = dataStructures/Stack.h; sourceTree = "<group>"; };
		C6A35E581B58435800810AB4 /* genericApp2.app */ = {isa = PBXFileReference; explicitFileType = wrapper.application; includeInIndex = 0; path = genericApp2.app; sourceTree = BUILT_PRODUCTS_DIR; };
		C6A35E5C1B58435800810AB4 /* Info.plist */ = {isa = PBXFileReference; lastKnownFileType = text.plist.xml; path = Info.plist; sourceTree = "<group>"; };
		C6A35E5D1B58435800810AB4 /* main.m */ = {isa = PBXFileReference; lastKnownFileType = sourcecode.c.objc; path = main.m; sourceTree = "<group>"; };
		C6A35E5F1B58435800810AB4 /* AppDelegate.h */ = {isa = PBXFileReference; lastKnownFileType = sourcecode.c.h; path = AppDelegate.h; sourceTree = "<group>"; };
		C6A35E601B58435800810AB4 /* AppDelegate.mm */ = {isa = PBXFileReference; lastKnownFileType = sourcecode.cpp.objcpp; path = AppDelegate.mm; sourceTree = "<group>"; };
		C6A35E621B58435800810AB4 /* ViewController.h */ = {isa = PBXFileReference; lastKnownFileType = sourcecode.c.h; path = ViewController.h; sourceTree = "<group>"; };
		C6A35E631B58435800810AB4 /* ViewController.mm */ = {isa = PBXFileReference; lastKnownFileType = sourcecode.cpp.objcpp; path = ViewController.mm; sourceTree = "<group>"; };
		C6A35E681B58435800810AB4 /* Images.xcassets */ = {isa = PBXFileReference; lastKnownFileType = folder.assetcatalog; path = Images.xcassets; sourceTree = "<group>"; };
		C6A35E711B58435800810AB4 /* genericApp2Tests.xctest */ = {isa = PBXFileReference; explicitFileType = wrapper.cfbundle; includeInIndex = 0; path = genericApp2Tests.xctest; sourceTree = BUILT_PRODUCTS_DIR; };
		C6A35E761B58435800810AB4 /* Info.plist */ = {isa = PBXFileReference; lastKnownFileType = text.plist.xml; path = Info.plist; sourceTree = "<group>"; };
		C6A35E771B58435800810AB4 /* genericApp2Tests.m */ = {isa = PBXFileReference; lastKnownFileType = sourcecode.c.objc; path = genericApp2Tests.m; sourceTree = "<group>"; };
		C6A35E891B5847D300810AB4 /* GLView.mm */ = {isa = PBXFileReference; fileEncoding = 4; lastKnownFileType = sourcecode.cpp.objcpp; path = GLView.mm; sourceTree = "<group>"; };
		C6A35E8B1B5848B300810AB4 /* OpenGLES.framework */ = {isa = PBXFileReference; lastKnownFileType = wrapper.framework; name = OpenGLES.framework; path = System/Library/Frameworks/OpenGLES.framework; sourceTree = SDKROOT; };
		C6A35E8D1B5848BA00810AB4 /* QuartzCore.framework */ = {isa = PBXFileReference; lastKnownFileType = wrapper.framework; name = QuartzCore.framework; path = System/Library/Frameworks/QuartzCore.framework; sourceTree = SDKROOT; };
		C6A35E8F1B5869CE00810AB4 /* IRenderingEngine.h */ = {isa = PBXFileReference; lastKnownFileType = sourcecode.c.h; path = IRenderingEngine.h; sourceTree = "<group>"; };
		C6A35E901B586BA200810AB4 /* RenderingEngine1.cpp */ = {isa = PBXFileReference; fileEncoding = 4; lastKnownFileType = sourcecode.cpp.cpp; path = RenderingEngine1.cpp; sourceTree = "<group>"; };
		C6A35E931B596ECB00810AB4 /* RenderingEngine2.cpp */ = {isa = PBXFileReference; fileEncoding = 4; lastKnownFileType = sourcecode.cpp.cpp; path = RenderingEngine2.cpp; sourceTree = "<group>"; };
		C6A36AC71D1D4FFE007B8A83 /* TouchEvent.cpp */ = {isa = PBXFileReference; fileEncoding = 4; lastKnownFileType = sourcecode.cpp.cpp; path = TouchEvent.cpp; sourceTree = "<group>"; };
		C6A36AC81D1D4FFE007B8A83 /* TouchEvent.h */ = {isa = PBXFileReference; fileEncoding = 4; lastKnownFileType = sourcecode.c.h; path = TouchEvent.h; sourceTree = "<group>"; };
		C6A36ACA1D1D5618007B8A83 /* List.h */ = {isa = PBXFileReference; lastKnownFileType = sourcecode.c.h; path = List.h; sourceTree = "<group>"; };
		C6B2F6BC1C1D04C2009A8583 /* IRenderable.cpp */ = {isa = PBXFileReference; fileEncoding = 4; lastKnownFileType = sourcecode.cpp.cpp; path = IRenderable.cpp; sourceTree = "<group>"; };
		C6BBDCEB1B64F5DA00C5B817 /* GLView.h */ = {isa = PBXFileReference; fileEncoding = 4; lastKnownFileType = sourcecode.c.h; path = GLView.h; sourceTree = "<group>"; };
		C6BBDCEE1B64F66100C5B817 /* simple.frag */ = {isa = PBXFileReference; fileEncoding = 4; lastKnownFileType = sourcecode.glsl; path = simple.frag; sourceTree = "<group>"; };
		C6BBDCEF1B64F66100C5B817 /* simple.vert */ = {isa = PBXFileReference; fileEncoding = 4; lastKnownFileType = sourcecode.glsl; path = simple.vert; sourceTree = "<group>"; };
		C6BDB99E1B7C27980029A0CA /* Util.h */ = {isa = PBXFileReference; fileEncoding = 4; lastKnownFileType = sourcecode.c.h; path = Util.h; sourceTree = "<group>"; };
		C6D664DD1C0393F30096DFA5 /* Vector.cpp */ = {isa = PBXFileReference; fileEncoding = 4; lastKnownFileType = sourcecode.cpp.cpp; path = Vector.cpp; sourceTree = "<group>"; };
		C6D664DE1C0393F30096DFA5 /* Vector.h */ = {isa = PBXFileReference; fileEncoding = 4; lastKnownFileType = sourcecode.c.h; path = Vector.h; sourceTree = "<group>"; };
		C6DE9D321B704C2900F5230F /* Polygon.cpp */ = {isa = PBXFileReference; fileEncoding = 4; lastKnownFileType = sourcecode.cpp.cpp; path = Polygon.cpp; sourceTree = "<group>"; };
		C6DE9D331B704C2900F5230F /* Polygon.h */ = {isa = PBXFileReference; fileEncoding = 4; lastKnownFileType = sourcecode.c.h; path = Polygon.h; sourceTree = "<group>"; };
		C6DE9D351B704CD100F5230F /* IRenderable.h */ = {isa = PBXFileReference; fileEncoding = 4; lastKnownFileType = sourcecode.c.h; path = IRenderable.h; sourceTree = "<group>"; };
		C6DE9D361B704D0600F5230F /* RenderContext.cpp */ = {isa = PBXFileReference; fileEncoding = 4; lastKnownFileType = sourcecode.cpp.cpp; path = RenderContext.cpp; sourceTree = "<group>"; };
		C6DE9D371B704D0600F5230F /* RenderContext.h */ = {isa = PBXFileReference; fileEncoding = 4; lastKnownFileType = sourcecode.c.h; path = RenderContext.h; sourceTree = "<group>"; };
		C6E1D8821B719D87002AE0FA /* Vertex.cpp */ = {isa = PBXFileReference; fileEncoding = 4; lastKnownFileType = sourcecode.cpp.cpp; path = Vertex.cpp; sourceTree = "<group>"; };
		C6E1D8831B719D87002AE0FA /* Vertex.h */ = {isa = PBXFileReference; fileEncoding = 4; lastKnownFileType = sourcecode.c.h; path = Vertex.h; sourceTree = "<group>"; };
		C6E1D8851B73B400002AE0FA /* Cube.cpp */ = {isa = PBXFileReference; fileEncoding = 4; lastKnownFileType = sourcecode.cpp.cpp; path = Cube.cpp; sourceTree = "<group>"; };
		C6E1D8861B73B400002AE0FA /* Cube.h */ = {isa = PBXFileReference; fileEncoding = 4; lastKnownFileType = sourcecode.c.h; path = Cube.h; sourceTree = "<group>"; };
		C6E1D8881B73D612002AE0FA /* Matrix.cpp */ = {isa = PBXFileReference; fileEncoding = 4; lastKnownFileType = sourcecode.cpp.cpp; path = Matrix.cpp; sourceTree = "<group>"; };
		C6E1D8891B73D612002AE0FA /* Matrix.h */ = {isa = PBXFileReference; fileEncoding = 4; lastKnownFileType = sourcecode.c.h; path = Matrix.h; sourceTree = "<group>"; };
		C6E1D88B1B744218002AE0FA /* TestSled.h */ = {isa = PBXFileReference; lastKnownFileType = sourcecode.c.h; path = TestSled.h; sourceTree = "<group>"; };
/* End PBXFileReference section */

/* Begin PBXFrameworksBuildPhase section */
		C6A35E551B58435800810AB4 /* Frameworks */ = {
			isa = PBXFrameworksBuildPhase;
			buildActionMask = 2147483647;
			files = (
				C6A35E8E1B5848BA00810AB4 /* QuartzCore.framework in Frameworks */,
				C6A35E8C1B5848B300810AB4 /* OpenGLES.framework in Frameworks */,
			);
			runOnlyForDeploymentPostprocessing = 0;
		};
		C6A35E6E1B58435800810AB4 /* Frameworks */ = {
			isa = PBXFrameworksBuildPhase;
			buildActionMask = 2147483647;
			files = (
			);
			runOnlyForDeploymentPostprocessing = 0;
		};
/* End PBXFrameworksBuildPhase section */

/* Begin PBXGroup section */
		C6A35E4F1B58435700810AB4 = {
			isa = PBXGroup;
			children = (
				C6A35E5A1B58435800810AB4 /* genericApp2 */,
				C6A35E8D1B5848BA00810AB4 /* QuartzCore.framework */,
				C6A35E8B1B5848B300810AB4 /* OpenGLES.framework */,
				C6A35E741B58435800810AB4 /* genericApp2Tests */,
				C6A35E591B58435800810AB4 /* Products */,
			);
			sourceTree = "<group>";
		};
		C6A35E591B58435800810AB4 /* Products */ = {
			isa = PBXGroup;
			children = (
				C6A35E581B58435800810AB4 /* genericApp2.app */,
				C6A35E711B58435800810AB4 /* genericApp2Tests.xctest */,
			);
			name = Products;
			sourceTree = "<group>";
		};
		C6A35E5A1B58435800810AB4 /* genericApp2 */ = {
			isa = PBXGroup;
			children = (
				C665F9D41C19B73D00E3E644 /* Stack.h */,
				C641AC381BD33A5600474E7B /* AccelerometerFilter.h */,
				C641AC391BD33A5600474E7B /* AccelerometerFilter.m */,
				C6A35E5F1B58435800810AB4 /* AppDelegate.h */,
				C6A35E601B58435800810AB4 /* AppDelegate.mm */,
				C6E1D8851B73B400002AE0FA /* Cube.cpp */,
				C6E1D8861B73B400002AE0FA /* Cube.h */,
				C665F9CF1C19B43200E3E644 /* PositionalObject.h */,
				C6BBDCEB1B64F5DA00C5B817 /* GLView.h */,
				C665F9D01C19B57400E3E644 /* PositionalObject.cpp */,
				C6A35E891B5847D300810AB4 /* GLView.mm */,
				C6A35E681B58435800810AB4 /* Images.xcassets */,
				C6DE9D351B704CD100F5230F /* IRenderable.h */,
				C6A35E8F1B5869CE00810AB4 /* IRenderingEngine.h */,
				C6B2F6BC1C1D04C2009A8583 /* IRenderable.cpp */,
				C641AC3C1BD5C9C800474E7B /* Landscape.cpp */,
				C641AC3B1BD5C8B000474E7B /* Landscape.h */,
				C6E1D8881B73D612002AE0FA /* Matrix.cpp */,
				C6E1D8891B73D612002AE0FA /* Matrix.h */,
				C6DE9D321B704C2900F5230F /* Polygon.cpp */,
				C6DE9D331B704C2900F5230F /* Polygon.h */,
				C6DE9D361B704D0600F5230F /* RenderContext.cpp */,
				C6DE9D371B704D0600F5230F /* RenderContext.h */,
				C6A35E901B586BA200810AB4 /* RenderingEngine1.cpp */,
				C6A35E931B596ECB00810AB4 /* RenderingEngine2.cpp */,
				C639A0D11D3ACC040056D283 /* Camera.cpp */,
				C639A0D21D3ACC040056D283 /* Camera.h */,
				C6BBDCED1B64F66100C5B817 /* shaders */,
				C6A35E5B1B58435800810AB4 /* Supporting Files */,
				C6E1D88B1B744218002AE0FA /* TestSled.h */,
				C6BDB99E1B7C27980029A0CA /* Util.h */,
				C6D664DD1C0393F30096DFA5 /* Vector.cpp */,
				C6D664DE1C0393F30096DFA5 /* Vector.h */,
				C6E1D8821B719D87002AE0FA /* Vertex.cpp */,
				C6E1D8831B719D87002AE0FA /* Vertex.h */,
				C6A35E621B58435800810AB4 /* ViewController.h */,
				C6A35E631B58435800810AB4 /* ViewController.mm */,
				C6A36AC71D1D4FFE007B8A83 /* TouchEvent.cpp */,
				C6A36AC81D1D4FFE007B8A83 /* TouchEvent.h */,
				C6A36ACA1D1D5618007B8A83 /* List.h */,
			);
			path = genericApp2;
			sourceTree = "<group>";
		};
		C6A35E5B1B58435800810AB4 /* Supporting Files */ = {
			isa = PBXGroup;
			children = (
				C6A35E5C1B58435800810AB4 /* Info.plist */,
				C6A35E5D1B58435800810AB4 /* main.m */,
			);
			name = "Supporting Files";
			sourceTree = "<group>";
		};
		C6A35E741B58435800810AB4 /* genericApp2Tests */ = {
			isa = PBXGroup;
			children = (
				C6A35E771B58435800810AB4 /* genericApp2Tests.m */,
				C6A35E751B58435800810AB4 /* Supporting Files */,
			);
			path = genericApp2Tests;
			sourceTree = "<group>";
		};
		C6A35E751B58435800810AB4 /* Supporting Files */ = {
			isa = PBXGroup;
			children = (
				C6A35E761B58435800810AB4 /* Info.plist */,
			);
			name = "Supporting Files";
			sourceTree = "<group>";
		};
		C6BBDCED1B64F66100C5B817 /* shaders */ = {
			isa = PBXGroup;
			children = (
				C6BBDCEE1B64F66100C5B817 /* simple.frag */,
				C6BBDCEF1B64F66100C5B817 /* simple.vert */,
			);
			path = shaders;
			sourceTree = "<group>";
		};
/* End PBXGroup section */

/* Begin PBXNativeTarget section */
		C6A35E571B58435800810AB4 /* genericApp2 */ = {
			isa = PBXNativeTarget;
			buildConfigurationList = C6A35E7B1B58435800810AB4 /* Build configuration list for PBXNativeTarget "genericApp2" */;
			buildPhases = (
				C6A35E541B58435800810AB4 /* Sources */,
				C6A35E551B58435800810AB4 /* Frameworks */,
				C6A35E561B58435800810AB4 /* Resources */,
			);
			buildRules = (
			);
			dependencies = (
			);
			name = genericApp2;
			productName = genericApp2;
			productReference = C6A35E581B58435800810AB4 /* genericApp2.app */;
			productType = "com.apple.product-type.application";
		};
		C6A35E701B58435800810AB4 /* genericApp2Tests */ = {
			isa = PBXNativeTarget;
			buildConfigurationList = C6A35E7E1B58435800810AB4 /* Build configuration list for PBXNativeTarget "genericApp2Tests" */;
			buildPhases = (
				C6A35E6D1B58435800810AB4 /* Sources */,
				C6A35E6E1B58435800810AB4 /* Frameworks */,
				C6A35E6F1B58435800810AB4 /* Resources */,
			);
			buildRules = (
			);
			dependencies = (
				C6A35E731B58435800810AB4 /* PBXTargetDependency */,
			);
			name = genericApp2Tests;
			productName = genericApp2Tests;
			productReference = C6A35E711B58435800810AB4 /* genericApp2Tests.xctest */;
			productType = "com.apple.product-type.bundle.unit-test";
		};
/* End PBXNativeTarget section */

/* Begin PBXProject section */
		C6A35E501B58435700810AB4 /* Project object */ = {
			isa = PBXProject;
			attributes = {
				LastUpgradeCheck = 0610;
				ORGANIZATIONNAME = "Arpin, Gregg";
				TargetAttributes = {
					C6A35E571B58435800810AB4 = {
						CreatedOnToolsVersion = 6.1.1;
						DevelopmentTeam = QLBLTAQT8M;
					};
					C6A35E701B58435800810AB4 = {
						CreatedOnToolsVersion = 6.1.1;
						TestTargetID = C6A35E571B58435800810AB4;
					};
				};
			};
			buildConfigurationList = C6A35E531B58435700810AB4 /* Build configuration list for PBXProject "genericApp2" */;
			compatibilityVersion = "Xcode 3.2";
			developmentRegion = English;
			hasScannedForEncodings = 0;
			knownRegions = (
				en,
				Base,
			);
			mainGroup = C6A35E4F1B58435700810AB4;
			productRefGroup = C6A35E591B58435800810AB4 /* Products */;
			projectDirPath = "";
			projectRoot = "";
			targets = (
				C6A35E571B58435800810AB4 /* genericApp2 */,
				C6A35E701B58435800810AB4 /* genericApp2Tests */,
			);
		};
/* End PBXProject section */

/* Begin PBXResourcesBuildPhase section */
		C6A35E561B58435800810AB4 /* Resources */ = {
			isa = PBXResourcesBuildPhase;
			buildActionMask = 2147483647;
			files = (
				C6A35E691B58435800810AB4 /* Images.xcassets in Resources */,
				C6BBDCF01B64F66100C5B817 /* simple.frag in Resources */,
				C6BBDCF11B64F66100C5B817 /* simple.vert in Resources */,
			);
			runOnlyForDeploymentPostprocessing = 0;
		};
		C6A35E6F1B58435800810AB4 /* Resources */ = {
			isa = PBXResourcesBuildPhase;
			buildActionMask = 2147483647;
			files = (
			);
			runOnlyForDeploymentPostprocessing = 0;
		};
/* End PBXResourcesBuildPhase section */

/* Begin PBXSourcesBuildPhase section */
		C6A35E541B58435800810AB4 /* Sources */ = {
			isa = PBXSourcesBuildPhase;
			buildActionMask = 2147483647;
			files = (
				C6A35E641B58435800810AB4 /* ViewController.mm in Sources */,
				C641AC3A1BD33A5600474E7B /* AccelerometerFilter.m in Sources */,
				C6DE9D341B704C2900F5230F /* Polygon.cpp in Sources */,
				C6E1D88A1B73D612002AE0FA /* Matrix.cpp in Sources */,
				C639A0D31D3ACC040056D283 /* Camera.cpp in Sources */,
				C6A35E611B58435800810AB4 /* AppDelegate.mm in Sources */,
				C665F9D11C19B57400E3E644 /* PositionalObject.cpp in Sources */,
				C6A36AC91D1D4FFE007B8A83 /* TouchEvent.cpp in Sources */,
				C6E1D8841B719D87002AE0FA /* Vertex.cpp in Sources */,
				C6E1D8871B73B401002AE0FA /* Cube.cpp in Sources */,
				C6A35E5E1B58435800810AB4 /* main.m in Sources */,
				C6D664DF1C0393F30096DFA5 /* Vector.cpp in Sources */,
				C6A35E8A1B5847D300810AB4 /* GLView.mm in Sources */,
				C6A35E921B586BA200810AB4 /* RenderingEngine1.cpp in Sources */,
				C6A35E941B596ECB00810AB4 /* RenderingEngine2.cpp in Sources */,
				C6B2F6BD1C1D04C2009A8583 /* IRenderable.cpp in Sources */,
				C6DE9D381B704D0600F5230F /* RenderContext.cpp in Sources */,
				C641AC3D1BD5C9C800474E7B /* Landscape.cpp in Sources */,
			);
			runOnlyForDeploymentPostprocessing = 0;
		};
		C6A35E6D1B58435800810AB4 /* Sources */ = {
			isa = PBXSourcesBuildPhase;
			buildActionMask = 2147483647;
			files = (
				C6A35E781B58435800810AB4 /* genericApp2Tests.m in Sources */,
			);
			runOnlyForDeploymentPostprocessing = 0;
		};
/* End PBXSourcesBuildPhase section */

/* Begin PBXTargetDependency section */
		C6A35E731B58435800810AB4 /* PBXTargetDependency */ = {
			isa = PBXTargetDependency;
			target = C6A35E571B58435800810AB4 /* genericApp2 */;
			targetProxy = C6A35E721B58435800810AB4 /* PBXContainerItemProxy */;
		};
/* End PBXTargetDependency section */

/* Begin XCBuildConfiguration section */
		C6A35E791B58435800810AB4 /* Debug */ = {
			isa = XCBuildConfiguration;
			buildSettings = {
				ALWAYS_SEARCH_USER_PATHS = NO;
				CLANG_CXX_LANGUAGE_STANDARD = "gnu++0x";
				CLANG_CXX_LIBRARY = "libc++";
				CLANG_ENABLE_MODULES = YES;
				CLANG_ENABLE_OBJC_ARC = YES;
				CLANG_WARN_BOOL_CONVERSION = YES;
				CLANG_WARN_CONSTANT_CONVERSION = YES;
				CLANG_WARN_DIRECT_OBJC_ISA_USAGE = YES_ERROR;
				CLANG_WARN_EMPTY_BODY = YES;
				CLANG_WARN_ENUM_CONVERSION = YES;
				CLANG_WARN_INT_CONVERSION = YES;
				CLANG_WARN_OBJC_ROOT_CLASS = YES_ERROR;
				CLANG_WARN_UNREACHABLE_CODE = YES;
				CLANG_WARN__DUPLICATE_METHOD_MATCH = YES;
				"CODE_SIGN_IDENTITY[sdk=iphoneos*]" = "iPhone Developer";
				COPY_PHASE_STRIP = NO;
				ENABLE_STRICT_OBJC_MSGSEND = YES;
				GCC_C_LANGUAGE_STANDARD = gnu99;
				GCC_DYNAMIC_NO_PIC = NO;
				GCC_OPTIMIZATION_LEVEL = 0;
				GCC_PREPROCESSOR_DEFINITIONS = (
					"DEBUG=1",
					"$(inherited)",
				);
				GCC_SYMBOLS_PRIVATE_EXTERN = NO;
				GCC_WARN_64_TO_32_BIT_CONVERSION = YES;
				GCC_WARN_ABOUT_RETURN_TYPE = YES_ERROR;
				GCC_WARN_UNDECLARED_SELECTOR = YES;
				GCC_WARN_UNINITIALIZED_AUTOS = YES_AGGRESSIVE;
				GCC_WARN_UNUSED_FUNCTION = YES;
				GCC_WARN_UNUSED_VARIABLE = YES;
				IPHONEOS_DEPLOYMENT_TARGET = 8.1;
				MTL_ENABLE_DEBUG_INFO = YES;
				ONLY_ACTIVE_ARCH = YES;
				SDKROOT = iphoneos;
				TARGETED_DEVICE_FAMILY = "1,2";
			};
			name = Debug;
		};
		C6A35E7A1B58435800810AB4 /* Release */ = {
			isa = XCBuildConfiguration;
			buildSettings = {
				ALWAYS_SEARCH_USER_PATHS = NO;
				CLANG_CXX_LANGUAGE_STANDARD = "gnu++0x";
				CLANG_CXX_LIBRARY = "libc++";
				CLANG_ENABLE_MODULES = YES;
				CLANG_ENABLE_OBJC_ARC = YES;
				CLANG_WARN_BOOL_CONVERSION = YES;
				CLANG_WARN_CONSTANT_CONVERSION = YES;
				CLANG_WARN_DIRECT_OBJC_ISA_USAGE = YES_ERROR;
				CLANG_WARN_EMPTY_BODY = YES;
				CLANG_WARN_ENUM_CONVERSION = YES;
				CLANG_WARN_INT_CONVERSION = YES;
				CLANG_WARN_OBJC_ROOT_CLASS = YES_ERROR;
				CLANG_WARN_UNREACHABLE_CODE = YES;
				CLANG_WARN__DUPLICATE_METHOD_MATCH = YES;
				"CODE_SIGN_IDENTITY[sdk=iphoneos*]" = "iPhone Developer";
				COPY_PHASE_STRIP = YES;
				ENABLE_NS_ASSERTIONS = NO;
				ENABLE_STRICT_OBJC_MSGSEND = YES;
				GCC_C_LANGUAGE_STANDARD = gnu99;
				GCC_WARN_64_TO_32_BIT_CONVERSION = YES;
				GCC_WARN_ABOUT_RETURN_TYPE = YES_ERROR;
				GCC_WARN_UNDECLARED_SELECTOR = YES;
				GCC_WARN_UNINITIALIZED_AUTOS = YES_AGGRESSIVE;
				GCC_WARN_UNUSED_FUNCTION = YES;
				GCC_WARN_UNUSED_VARIABLE = YES;
				IPHONEOS_DEPLOYMENT_TARGET = 8.1;
				MTL_ENABLE_DEBUG_INFO = NO;
				SDKROOT = iphoneos;
				TARGETED_DEVICE_FAMILY = "1,2";
				VALIDATE_PRODUCT = YES;
			};
			name = Release;
		};
		C6A35E7C1B58435800810AB4 /* Debug */ = {
			isa = XCBuildConfiguration;
			buildSettings = {
				ASSETCATALOG_COMPILER_APPICON_NAME = AppIcon;
				CLANG_ENABLE_OBJC_ARC = NO;
				CODE_SIGN_IDENTITY = "iPhone Developer";
				INFOPLIST_FILE = genericApp2/Info.plist;
				IPHONEOS_DEPLOYMENT_TARGET = 8.0;
				LD_RUNPATH_SEARCH_PATHS = "$(inherited) @executable_path/Frameworks";
				PRODUCT_NAME = "$(TARGET_NAME)";
			};
			name = Debug;
		};
		C6A35E7D1B58435800810AB4 /* Release */ = {
			isa = XCBuildConfiguration;
			buildSettings = {
				ASSETCATALOG_COMPILER_APPICON_NAME = AppIcon;
				CLANG_ENABLE_OBJC_ARC = NO;
				CODE_SIGN_IDENTITY = "iPhone Developer";
				INFOPLIST_FILE = genericApp2/Info.plist;
				IPHONEOS_DEPLOYMENT_TARGET = 8.0;
				LD_RUNPATH_SEARCH_PATHS = "$(inherited) @executable_path/Frameworks";
				PRODUCT_NAME = "$(TARGET_NAME)";
			};
			name = Release;
		};
		C6A35E7F1B58435800810AB4 /* Debug */ = {
			isa = XCBuildConfiguration;
			buildSettings = {
				BUNDLE_LOADER = "$(TEST_HOST)";
				FRAMEWORK_SEARCH_PATHS = (
					"$(SDKROOT)/Developer/Library/Frameworks",
					"$(inherited)",
				);
				GCC_PREPROCESSOR_DEFINITIONS = (
					"DEBUG=1",
					"$(inherited)",
				);
				INFOPLIST_FILE = genericApp2Tests/Info.plist;
				LD_RUNPATH_SEARCH_PATHS = "$(inherited) @executable_path/Frameworks @loader_path/Frameworks";
				PRODUCT_NAME = "$(TARGET_NAME)";
				TEST_HOST = "$(BUILT_PRODUCTS_DIR)/genericApp2.app/genericApp2";
			};
			name = Debug;
		};
		C6A35E801B58435800810AB4 /* Release */ = {
			isa = XCBuildConfiguration;
			buildSettings = {
				BUNDLE_LOADER = "$(TEST_HOST)";
				FRAMEWORK_SEARCH_PATHS = (
					"$(SDKROOT)/Developer/Library/Frameworks",
					"$(inherited)",
				);
				INFOPLIST_FILE = genericApp2Tests/Info.plist;
				LD_RUNPATH_SEARCH_PATHS = "$(inherited) @executable_path/Frameworks @loader_path/Frameworks";
				PRODUCT_NAME = "$(TARGET_NAME)";
				TEST_HOST = "$(BUILT_PRODUCTS_DIR)/genericApp2.app/genericApp2";
			};
			name = Release;
		};
/* End XCBuildConfiguration section */

/* Begin XCConfigurationList section */
		C6A35E531B58435700810AB4 /* Build configuration list for PBXProject "genericApp2" */ = {
			isa = XCConfigurationList;
			buildConfigurations = (
				C6A35E791B58435800810AB4 /* Debug */,
				C6A35E7A1B58435800810AB4 /* Release */,
			);
			defaultConfigurationIsVisible = 0;
			defaultConfigurationName = Release;
		};
		C6A35E7B1B58435800810AB4 /* Build configuration list for PBXNativeTarget "genericApp2" */ = {
			isa = XCConfigurationList;
			buildConfigurations = (
				C6A35E7C1B58435800810AB4 /* Debug */,
				C6A35E7D1B58435800810AB4 /* Release */,
			);
			defaultConfigurationIsVisible = 0;
			defaultConfigurationName = Release;
		};
		C6A35E7E1B58435800810AB4 /* Build configuration list for PBXNativeTarget "genericApp2Tests" */ = {
			isa = XCConfigurationList;
			buildConfigurations = (
				C6A35E7F1B58435800810AB4 /* Debug */,
				C6A35E801B58435800810AB4 /* Release */,
			);
			defaultConfigurationIsVisible = 0;
			defaultConfigurationName = Release;
		};
/* End XCConfigurationList section */
	};
	rootObject = C6A35E501B58435700810AB4 /* Project object */;
}
